{
  "version": 4,
  "terraform_version": "0.12.24",
  "serial": 12,
  "lineage": "970d9137-c7ca-1701-fc60-ff5761e7e645",
  "outputs": {},
  "resources": [
    {
      "mode": "managed",
      "type": "panos_address_object",
      "name": "IP_ALL_ACCESS",
      "provider": "provider.panos",
      "instances": [
        {
          "schema_version": 0,
          "attributes": {
            "description": "Host 192.168.80.1",
            "id": "vsys1:IP_ALL_ACCESS",
            "name": "IP_ALL_ACCESS",
            "tags": null,
            "type": "ip-netmask",
            "value": "192.168.80.1/32",
            "vsys": "vsys1"
          },
          "private": "bnVsbA=="
        }
      ]
    },
    {
      "mode": "managed",
      "type": "panos_ethernet_interface",
      "name": "eth1",
      "provider": "provider.panos",
      "instances": [
        {
          "schema_version": 0,
          "attributes": {
            "adjust_tcp_mss": false,
            "aggregate_group": "",
            "comment": "",
            "create_dhcp_default_route": true,
            "decrypt_forward": false,
            "dhcp_default_route_metric": 0,
            "dhcp_send_hostname_enable": false,
            "dhcp_send_hostname_value": "",
            "enable_dhcp": true,
            "id": "vsys1:ethernet1/1",
            "ipv4_mss_adjust": 0,
            "ipv6_enabled": false,
            "ipv6_mss_adjust": 0,
            "link_duplex": "",
            "link_speed": "",
            "link_state": "",
            "lldp_enabled": false,
            "lldp_profile": "",
            "management_profile": "",
            "mode": "layer3",
            "mtu": 0,
            "name": "ethernet1/1",
            "netflow_profile": "",
            "rx_policing_rate": 0,
            "static_ips": null,
            "tx_policing_rate": 0,
            "vsys": "vsys1"
          },
          "private": "bnVsbA=="
        }
      ]
    },
    {
      "mode": "managed",
      "type": "panos_ethernet_interface",
      "name": "eth2",
      "provider": "provider.panos",
      "instances": [
        {
          "schema_version": 0,
          "attributes": {
            "adjust_tcp_mss": false,
            "aggregate_group": "",
            "comment": "",
            "create_dhcp_default_route": false,
            "decrypt_forward": false,
            "dhcp_default_route_metric": 0,
            "dhcp_send_hostname_enable": false,
            "dhcp_send_hostname_value": "",
            "enable_dhcp": false,
            "id": "vsys1:ethernet1/2",
            "ipv4_mss_adjust": 0,
            "ipv6_enabled": false,
            "ipv6_mss_adjust": 0,
            "link_duplex": "",
            "link_speed": "",
            "link_state": "",
            "lldp_enabled": false,
            "lldp_profile": "",
            "management_profile": "",
            "mode": "layer3",
            "mtu": 0,
            "name": "ethernet1/2",
            "netflow_profile": "",
            "rx_policing_rate": 0,
            "static_ips": [
              "1.1.1.1/32"
            ],
            "tx_policing_rate": 0,
            "vsys": "vsys1"
          },
          "private": "bnVsbA=="
        }
      ]
    },
    {
      "mode": "managed",
      "type": "panos_ethernet_interface",
      "name": "eth3",
      "provider": "provider.panos",
      "instances": [
        {
          "schema_version": 0,
          "attributes": {
            "adjust_tcp_mss": false,
            "aggregate_group": "",
            "comment": "",
            "create_dhcp_default_route": false,
            "decrypt_forward": false,
            "dhcp_default_route_metric": 0,
            "dhcp_send_hostname_enable": false,
            "dhcp_send_hostname_value": "",
            "enable_dhcp": false,
            "id": "vsys1:ethernet1/3",
            "ipv4_mss_adjust": 0,
            "ipv6_enabled": false,
            "ipv6_mss_adjust": 0,
            "link_duplex": "",
            "link_speed": "",
            "link_state": "",
            "lldp_enabled": false,
            "lldp_profile": "",
            "management_profile": "",
            "mode": "layer3",
            "mtu": 0,
            "name": "ethernet1/3",
            "netflow_profile": "",
            "rx_policing_rate": 0,
            "static_ips": [
              "1.1.1.2/32"
            ],
            "tx_policing_rate": 0,
            "vsys": "vsys1"
          },
          "private": "bnVsbA=="
        }
      ]
    },
    {
      "mode": "managed",
      "type": "panos_general_settings",
      "name": "PA-RONALDO",
      "provider": "provider.panos",
      "instances": [
        {
          "schema_version": 0,
          "attributes": {
            "dns_primary": "8.8.8.8",
            "dns_secondary": "",
            "domain": "",
            "hostname": "192.168.1.106",
            "id": "192.168.1.106",
            "ntp_primary_address": "",
            "ntp_primary_algorithm": "",
            "ntp_primary_auth_key": "",
            "ntp_primary_auth_type": "",
            "ntp_primary_key_id": 0,
            "ntp_secondary_address": "",
            "ntp_secondary_algorithm": "",
            "ntp_secondary_auth_key": "",
            "ntp_secondary_auth_type": "",
            "ntp_secondary_key_id": 0,
            "proxy_password": null,
            "proxy_password_enc": "",
            "proxy_port": 0,
            "proxy_server": "",
            "proxy_user": "",
            "timezone": "America/Recife",
            "update_server": "updates.paloaltonetworks.com",
            "verify_update_server": true
          },
          "private": "bnVsbA=="
        }
      ]
    },
    {
      "mode": "managed",
      "type": "panos_management_profile",
      "name": "panos_management_profile",
      "provider": "provider.panos",
      "instances": [
        {
          "schema_version": 0,
          "attributes": {
            "http": false,
            "http_ocsp": false,
            "https": false,
            "id": "allow ping",
            "name": "allow ping",
            "permitted_ips": [
              "0.0.0.0/0",
              "11.1.1.1/32"
            ],
            "ping": true,
            "response_pages": false,
            "snmp": false,
            "ssh": true,
            "telnet": false,
            "userid_service": false,
            "userid_syslog_listener_ssl": false,
            "userid_syslog_listener_udp": false
          },
          "private": "bnVsbA=="
        }
      ]
    },
    {
      "mode": "managed",
      "type": "panos_security_rule_group",
      "name": "policy",
      "provider": "provider.panos",
      "instances": [
        {
          "schema_version": 0,
          "attributes": {
            "id": "vsys1:0::SVBfQUxMX0FDQ0VTUwpPdXRib3VuZApEZWZhdWx0IERlbnk=",
            "position_keyword": "",
            "position_reference": "",
            "rule": [
              {
                "action": "allow",
                "applications": [
                  "any"
                ],
                "categories": [
                  "any"
                ],
                "data_filtering": "",
                "description": "",
                "destination_addresses": [
                  "any"
                ],
                "destination_zones": [
                  "L3-trust"
                ],
                "disable_server_response_inspection": false,
                "disabled": false,
                "file_blocking": "",
                "group": "",
                "hip_profiles": [
                  "any"
                ],
                "icmp_unreachable": false,
                "log_end": true,
                "log_setting": "",
                "log_start": false,
                "name": "IP_ALL_ACCESS",
                "negate_destination": false,
                "negate_source": false,
                "schedule": "",
                "services": [
                  "application-default"
                ],
                "source_addresses": [
                  "IP_ALL_ACCESS"
                ],
                "source_users": [
                  "any"
                ],
                "source_zones": [
                  "any"
                ],
                "spyware": "",
                "tags": null,
                "type": "universal",
                "url_filtering": "",
                "virus": "",
                "vulnerability": "",
                "wildfire_analysis": ""
              },
              {
                "action": "allow",
                "applications": [
                  "any"
                ],
                "categories": [
                  "any"
                ],
                "data_filtering": "",
                "description": "",
                "destination_addresses": [
                  "any"
                ],
                "destination_zones": [
                  "L3-untrust"
                ],
                "disable_server_response_inspection": false,
                "disabled": false,
                "file_blocking": "",
                "group": "",
                "hip_profiles": [
                  "any"
                ],
                "icmp_unreachable": false,
                "log_end": true,
                "log_setting": "",
                "log_start": false,
                "name": "Outbound",
                "negate_destination": false,
                "negate_source": false,
                "schedule": "",
                "services": [
                  "application-default"
                ],
                "source_addresses": [
                  "any"
                ],
                "source_users": [
                  "any"
                ],
                "source_zones": [
                  "L3-trust"
                ],
                "spyware": "",
                "tags": null,
                "type": "universal",
                "url_filtering": "",
                "virus": "",
                "vulnerability": "",
                "wildfire_analysis": ""
              },
              {
                "action": "deny",
                "applications": [
                  "any"
                ],
                "categories": [
                  "any"
                ],
                "data_filtering": "",
                "description": "",
                "destination_addresses": [
                  "any"
                ],
                "destination_zones": [
                  "any"
                ],
                "disable_server_response_inspection": false,
                "disabled": false,
                "file_blocking": "",
                "group": "",
                "hip_profiles": [
                  "any"
                ],
                "icmp_unreachable": false,
                "log_end": true,
                "log_setting": "",
                "log_start": false,
                "name": "Default Deny",
                "negate_destination": false,
                "negate_source": false,
                "schedule": "",
                "services": [
                  "application-default"
                ],
                "source_addresses": [
                  "any"
                ],
                "source_users": [
                  "any"
                ],
                "source_zones": [
                  "any"
                ],
                "spyware": "",
                "tags": null,
                "type": "universal",
                "url_filtering": "",
                "virus": "",
                "vulnerability": "",
                "wildfire_analysis": ""
              }
            ],
            "vsys": "vsys1"
          },
          "private": "bnVsbA==",
          "dependencies": [
            "panos_address_object.IP_ALL_ACCESS",
            "panos_ethernet_interface.eth2",
            "panos_ethernet_interface.eth3",
            "panos_zone.ext",
            "panos_zone.int"
          ]
        }
      ]
    },
    {
      "mode": "managed",
      "type": "panos_virtual_router",
      "name": "vr",
      "provider": "provider.panos",
      "instances": [
        {
          "schema_version": 0,
          "attributes": {
            "ebgp_dist": 20,
            "ibgp_dist": 200,
            "id": ":default",
            "interfaces": [
              "ethernet1/1",
              "ethernet1/2",
              "ethernet1/3"
            ],
            "name": "default",
            "ospf_ext_dist": 110,
            "ospf_int_dist": 30,
            "ospfv3_ext_dist": 110,
            "ospfv3_int_dist": 30,
            "rip_dist": 120,
            "static_dist": 10,
            "static_ipv6_dist": 10,
            "vsys": ""
          },
          "private": "bnVsbA==",
          "dependencies": [
            "panos_ethernet_interface.eth1",
            "panos_ethernet_interface.eth2",
            "panos_ethernet_interface.eth3"
          ]
        }
      ]
    },
    {
      "mode": "managed",
      "type": "panos_zone",
      "name": "ext",
      "provider": "provider.panos",
      "instances": [
        {
          "schema_version": 0,
          "attributes": {
            "enable_user_id": false,
            "exclude_acls": null,
            "id": "vsys1:L3-untrust",
            "include_acls": null,
            "interfaces": [
              "ethernet1/2"
            ],
            "log_setting": "",
            "mode": "layer3",
            "name": "L3-untrust",
            "vsys": "vsys1",
            "zone_profile": ""
          },
          "private": "bnVsbA==",
          "dependencies": [
            "panos_ethernet_interface.eth2"
          ]
        }
      ]
    },
    {
      "mode": "managed",
      "type": "panos_zone",
      "name": "int",
      "provider": "provider.panos",
      "instances": [
        {
          "schema_version": 0,
          "attributes": {
            "enable_user_id": false,
            "exclude_acls": null,
            "id": "vsys1:L3-trust",
            "include_acls": null,
            "interfaces": [
              "ethernet1/3"
            ],
            "log_setting": "",
            "mode": "layer3",
            "name": "L3-trust",
            "vsys": "vsys1",
            "zone_profile": ""
          },
          "private": "bnVsbA==",
          "dependencies": [
            "panos_ethernet_interface.eth3"
          ]
        }
      ]
    },
    {
      "mode": "managed",
      "type": "panos_zone",
      "name": "mgm-ext",
      "provider": "provider.panos",
      "instances": [
        {
          "schema_version": 0,
          "attributes": {
            "enable_user_id": false,
            "exclude_acls": null,
            "id": "vsys1:Manager-Interface",
            "include_acls": null,
            "interfaces": [
              "ethernet1/1"
            ],
            "log_setting": "",
            "mode": "layer3",
            "name": "Manager-Interface",
            "vsys": "vsys1",
            "zone_profile": ""
          },
          "private": "bnVsbA==",
          "dependencies": [
            "panos_ethernet_interface.eth1"
          ]
        }
      ]
    }
  ]
}
